{
  "name": "getting-started",
  "version": "0.1.0",
  "lockfileVersion": 1,
  "requires": true,
  "dependencies": {
    "@aws-cdk/aws-events": {
      "version": "1.70.0",
      "resolved": "https://registry.npmjs.org/@aws-cdk/aws-events/-/aws-events-1.70.0.tgz",
      "integrity": "sha512-vw/oftNVas8hOFJVlANj9+JK2sqljGYKWb8DUD9YxHRX7+JGvtUVHDJHIgTfn/sFxLDUI/oCgFWFA8iMGVS2cA==",
      "requires": {
        "@aws-cdk/aws-iam": "1.70.0",
        "@aws-cdk/core": "1.70.0",
        "constructs": "^3.0.4"
      }
    },
    "@aws-cdk/aws-iam": {
      "version": "1.70.0",
      "resolved": "https://registry.npmjs.org/@aws-cdk/aws-iam/-/aws-iam-1.70.0.tgz",
      "integrity": "sha512-iNuoNTVFr60w1NmggsxVGBQ9Q55iqI8dF3qS6iVXFvKDnNCh1Pe97nTrWi2sJC3k2dFWonsxtaYfQL6UFXXV+g==",
      "requires": {
        "@aws-cdk/core": "1.70.0",
        "@aws-cdk/region-info": "1.70.0",
        "constructs": "^3.0.4"
      }
    },
    "@aws-cdk/aws-kms": {
      "version": "1.70.0",
      "resolved": "https://registry.npmjs.org/@aws-cdk/aws-kms/-/aws-kms-1.70.0.tgz",
      "integrity": "sha512-P7w/WjjWpvStbDwfFUSR/oRvaQZexAhgkE5cwqXLQeoQj3nq6Vh2rYpRKnJE+WlQIhlcVZ2G4wPj2MMbbOZE3Q==",
      "requires": {
        "@aws-cdk/aws-iam": "1.70.0",
        "@aws-cdk/core": "1.70.0",
        "constructs": "^3.0.4"
      }
    },
    "@aws-cdk/aws-s3": {
      "version": "1.70.0",
      "resolved": "https://registry.npmjs.org/@aws-cdk/aws-s3/-/aws-s3-1.70.0.tgz",
      "integrity": "sha512-HKzLSHjYGQ3Od6DKcygYkSFvs8IjrxdL7uuWIGJv3q6G7w6qizb2PceezzD+szb9euR9+G2d11/xHltgdgWDFQ==",
      "requires": {
        "@aws-cdk/aws-events": "1.70.0",
        "@aws-cdk/aws-iam": "1.70.0",
        "@aws-cdk/aws-kms": "1.70.0",
        "@aws-cdk/core": "1.70.0",
        "constructs": "^3.0.4"
      }
    },
    "@aws-cdk/cloud-assembly-schema": {
      "version": "1.70.0",
      "resolved": "https://registry.npmjs.org/@aws-cdk/cloud-assembly-schema/-/cloud-assembly-schema-1.70.0.tgz",
      "integrity": "sha512-GzswswZUKRHD/G9070QsofF35IkW5MxbECbg+LKTtKkQggxVQsDHgCS9i9uTCV/UzmUgkpv5RDSk2mW4AHT0Cw==",
      "requires": {
        "jsonschema": "^1.4.0",
        "semver": "^7.3.2"
      },
      "dependencies": {
        "jsonschema": {
          "version": "1.4.0",
          "bundled": true
        },
        "semver": {
          "version": "7.3.2",
          "bundled": true
        }
      }
    },
    "@aws-cdk/core": {
      "version": "1.70.0",
      "resolved": "https://registry.npmjs.org/@aws-cdk/core/-/core-1.70.0.tgz",
      "integrity": "sha512-Lg8KVCDQf9nRDqm6nWzQTuJLOkZvPXEkSuyLhycG5Oio7np/ODhZyeSzbcG2PBNGd2cOvXmL+Vi/nxV08Rg0Qg==",
      "requires": {
        "@aws-cdk/cloud-assembly-schema": "1.70.0",
        "@aws-cdk/cx-api": "1.70.0",
        "@aws-cdk/region-info": "1.70.0",
        "constructs": "^3.0.4",
        "fs-extra": "^9.0.1",
        "minimatch": "^3.0.4"
      },
      "dependencies": {
        "at-least-node": {
          "version": "1.0.0",
          "bundled": true
        },
        "balanced-match": {
          "version": "1.0.0",
          "bundled": true
        },
        "brace-expansion": {
          "version": "1.1.11",
          "bundled": true,
          "requires": {
            "balanced-match": "^1.0.0",
            "concat-map": "0.0.1"
          }
        },
        "concat-map": {
          "version": "0.0.1",
          "bundled": true
        },
        "fs-extra": {
          "version": "9.0.1",
          "bundled": true,
          "requires": {
            "at-least-node": "^1.0.0",
            "graceful-fs": "^4.2.0",
            "jsonfile": "^6.0.1",
            "universalify": "^1.0.0"
          }
        },
        "graceful-fs": {
          "version": "4.2.4",
          "bundled": true
        },
        "jsonfile": {
          "version": "6.0.1",
          "bundled": true,
          "requires": {
            "graceful-fs": "^4.1.6",
            "universalify": "^1.0.0"
          }
        },
        "minimatch": {
          "version": "3.0.4",
          "bundled": true,
          "requires": {
            "brace-expansion": "^1.1.7"
          }
        },
        "universalify": {
          "version": "1.0.0",
          "bundled": true
        }
      }
    },
    "@aws-cdk/cx-api": {
      "version": "1.70.0",
      "resolved": "https://registry.npmjs.org/@aws-cdk/cx-api/-/cx-api-1.70.0.tgz",
      "integrity": "sha512-JUxZIMao4K3A841hhUBfemf+RCRySTeItK//AzqXf8Cjc/q2+ckXFvaIVLUoR7vAxSw56NrpqS8cmb6lQzsvag==",
      "requires": {
        "@aws-cdk/cloud-assembly-schema": "1.70.0",
        "semver": "^7.3.2"
      },
      "dependencies": {
        "semver": {
          "version": "7.3.2",
          "bundled": true
        }
      }
    },
    "@aws-cdk/region-info": {
      "version": "1.70.0",
      "resolved": "https://registry.npmjs.org/@aws-cdk/region-info/-/region-info-1.70.0.tgz",
      "integrity": "sha512-LOJrl3463QjYin75/ZMgIlr9F3RwaHS6BY3RiaHTEbzCAfg2QAYC/NjTDWA8XXSuWASECpp+vjJabOKLM9dCxg=="
    },
    "constructs": {
      "version": "3.1.3",
      "resolved": "https://registry.npmjs.org/constructs/-/constructs-3.1.3.tgz",
      "integrity": "sha512-qEwn14NYKh0AY/7zQL9YvzTTyvEUqcOIiHzPGw2tzSHihr63M568bL8Jv/NhymcuoglC7vhr2fCwEvIQ2XU+xw=="
    }
  }
}
